%{
  "backoff": {:hex, :backoff, "1.1.6", "83b72ed2108ba1ee8f7d1c22e0b4a00cfe3593a67dbc792799e8cce9f42f796b", [:rebar3], [], "hexpm"},
  "barrel": {:git, "https://gitlab.com/barrel-db/barrel.git", "9fcc08c46be020c8401ed050be42d0b61b5a189b", [branch: "store"]},
  "barrel_ex": {:hex, :barrel_ex_http, "0.1.0", "50bcdf6d56f20e60eaa70899c8a00f6591550665425e4185ffb4374864db00e4", [:mix], [{:httpoison, "~> 1.1.0", [hex: :httpoison, repo: "hexpm", optional: false]}, {:jason, "~> 1.0", [hex: :jason, repo: "hexpm", optional: false]}, {:morphix, "~> 0.3.0", [hex: :morphix, repo: "hexpm", optional: false]}], "hexpm"},
  "certifi": {:hex, :certifi, "2.3.1", "d0f424232390bf47d82da8478022301c561cf6445b5b5fb6a84d49a9e76d2639", [:rebar3], [{:parse_trans, "3.2.0", [hex: :parse_trans, repo: "hexpm", optional: false]}], "hexpm"},
  "ehash": {:hex, :ehash, "0.2.1", "b3f73406c19fba8ace6598db0b6252b0eca5d8b3c0606ca7d69faf6baf442710", [:rebar3], [], "hexpm"},
  "goldrush": {:hex, :goldrush, "0.1.9", "f06e5d5f1277da5c413e84d5a2924174182fb108dabb39d5ec548b27424cd106", [:rebar3], [], "hexpm"},
  "gproc": {:hex, :gproc, "0.8.0", "cea02c578589c61e5341fce149ea36ccef236cc2ecac8691fba408e7ea77ec2f", [:rebar3], [], "hexpm"},
  "hackney": {:hex, :hackney, "1.12.1", "8bf2d0e11e722e533903fe126e14d6e7e94d9b7983ced595b75f532e04b7fdc7", [:rebar3], [{:certifi, "2.3.1", [hex: :certifi, repo: "hexpm", optional: false]}, {:idna, "5.1.1", [hex: :idna, repo: "hexpm", optional: false]}, {:metrics, "1.0.1", [hex: :metrics, repo: "hexpm", optional: false]}, {:mimerl, "1.0.2", [hex: :mimerl, repo: "hexpm", optional: false]}, {:ssl_verify_fun, "1.1.1", [hex: :ssl_verify_fun, repo: "hexpm", optional: false]}], "hexpm"},
  "hooks": {:hex, :hooks, "2.0.1", "1c1ff88bfda7460d2a4c6894dff94ad83287b7cc2b5ac0fef808b189843f0f6b", [:mix, :rebar3], [], "hexpm"},
  "httpoison": {:hex, :httpoison, "1.1.1", "96ed7ab79f78a31081bb523eefec205fd2900a02cda6dbc2300e7a1226219566", [:mix], [{:hackney, "~> 1.8", [hex: :hackney, repo: "hexpm", optional: false]}], "hexpm"},
  "idna": {:hex, :idna, "5.1.1", "cbc3b2fa1645113267cc59c760bafa64b2ea0334635ef06dbac8801e42f7279c", [:rebar3], [{:unicode_util_compat, "0.3.1", [hex: :unicode_util_compat, repo: "hexpm", optional: false]}], "hexpm"},
  "jason": {:hex, :jason, "1.0.0", "0f7cfa9bdb23fed721ec05419bcee2b2c21a77e926bce0deda029b5adc716fe2", [:mix], [{:decimal, "~> 1.0", [hex: :decimal, repo: "hexpm", optional: true]}], "hexpm"},
  "lager": {:hex, :lager, "3.6.2", "2c72950a0e75ffd927dd35bc85ea30e7680a264c4bbd08b328250871ac456cc2", [:rebar3], [{:goldrush, "0.1.9", [hex: :goldrush, repo: "hexpm", optional: false]}], "hexpm"},
  "memstore": {:hex, :memstore, "0.2.3", "7e2788fdbb58591eea085663ad15eaedbb260aefe3e22d190a19a7032d1345fe", [:rebar3], [], "hexpm"},
  "metrics": {:hex, :metrics, "1.0.1", "25f094dea2cda98213cecc3aeff09e940299d950904393b2a29d191c346a8486", [:rebar3], [], "hexpm"},
  "mimerl": {:hex, :mimerl, "1.0.2", "993f9b0e084083405ed8252b99460c4f0563e41729ab42d9074fd5e52439be88", [:rebar3], [], "hexpm"},
  "morphix": {:hex, :morphix, "0.3.0", "e8a125475a58f95f9799299b68998828188ca11a3a446213048a01806311d3c9", [:mix], [], "hexpm"},
  "parse_trans": {:hex, :parse_trans, "3.2.0", "2adfa4daf80c14dc36f522cf190eb5c4ee3e28008fc6394397c16f62a26258c2", [:rebar3], [], "hexpm"},
  "quickrand": {:hex, :quickrand, "1.7.3", "0e4fb48fac904fe0c6e21d7e8c31a288a0700e1e81a35b38b649fc119079755d", [:rebar3], [], "hexpm"},
  "recon": {:hex, :recon, "2.3.4", "b406c2fccdeaa0d94e23b5e30ae3d635a2d461e363a5c9c6316897037cf050d2", [:rebar3], [], "hexpm"},
  "sbroker": {:hex, :sbroker, "1.0.0", "28ff1b5e58887c5098539f236307b36fe1d3edaa2acff9d6a3d17c2dcafebbd0", [:rebar3], [], "hexpm"},
  "ssl_verify_fun": {:hex, :ssl_verify_fun, "1.1.1", "28a4d65b7f59893bc2c7de786dec1e1555bd742d336043fe644ae956c3497fbe", [:make, :rebar], [], "hexpm"},
  "unicode_util_compat": {:hex, :unicode_util_compat, "0.3.1", "a1f612a7b512638634a603c8f401892afbf99b8ce93a45041f8aaca99cadb85e", [:rebar3], [], "hexpm"},
  "uuid": {:hex, :uuid_erl, "1.7.3", "c5df97d1a3d626235c2415e74053c47b2138bb863c5cd802ab5caecb8ecc019f", [:rebar3], [{:quickrand, "~> 1.7.3", [hex: :quickrand, repo: "hexpm", optional: false]}], "hexpm"},
}
